// !$*UTF8*$!
{
	archiveVersion = 1;
	classes = {
	};
	objectVersion = 56;
	objects = {

/* Begin PBXBuildFile section */
		F3449EF22928DBAB00021FA7 /* CoinModel.swift in Sources */ = {isa = PBXBuildFile; fileRef = F3449EF12928DBAB00021FA7 /* CoinModel.swift */; };
		F3449EF52928EC4F00021FA7 /* Kingfisher in Frameworks */ = {isa = PBXBuildFile; productRef = F3449EF42928EC4F00021FA7 /* Kingfisher */; };
		F3449EF82928EDA600021FA7 /* Double.swift in Sources */ = {isa = PBXBuildFile; fileRef = F3449EF72928EDA600021FA7 /* Double.swift */; };
		F38CA8F12927F750004F958F /* AllCoinsView.swift in Sources */ = {isa = PBXBuildFile; fileRef = F38CA8F02927F750004F958F /* AllCoinsView.swift */; };
		F38CA8F32927F826004F958F /* CoinRowView.swift in Sources */ = {isa = PBXBuildFile; fileRef = F38CA8F22927F826004F958F /* CoinRowView.swift */; };
		F38CA8F52927F8E9004F958F /* BitcoinView.swift in Sources */ = {isa = PBXBuildFile; fileRef = F38CA8F42927F8E9004F958F /* BitcoinView.swift */; };
		F38CA8F8292802D6004F958F /* HomeViewModel.swift in Sources */ = {isa = PBXBuildFile; fileRef = F38CA8F7292802D6004F958F /* HomeViewModel.swift */; };
		F38DD3B32926B68100A1DFAB /* CoinyApp.swift in Sources */ = {isa = PBXBuildFile; fileRef = F38DD3B22926B68100A1DFAB /* CoinyApp.swift */; };
		F38DD3B52926B68100A1DFAB /* ContentView.swift in Sources */ = {isa = PBXBuildFile; fileRef = F38DD3B42926B68100A1DFAB /* ContentView.swift */; };
		F38DD3B72926B68200A1DFAB /* Assets.xcassets in Resources */ = {isa = PBXBuildFile; fileRef = F38DD3B62926B68200A1DFAB /* Assets.xcassets */; };
		F38DD3BA2926B68200A1DFAB /* Preview Assets.xcassets in Resources */ = {isa = PBXBuildFile; fileRef = F38DD3B92926B68200A1DFAB /* Preview Assets.xcassets */; };
		F38DD3CD2926B73E00A1DFAB /* HomeView.swift in Sources */ = {isa = PBXBuildFile; fileRef = F38DD3CC2926B73E00A1DFAB /* HomeView.swift */; };
		F38DD3CF2926B86100A1DFAB /* TopMoversView.swift in Sources */ = {isa = PBXBuildFile; fileRef = F38DD3CE2926B86100A1DFAB /* TopMoversView.swift */; };
		F38DD3D12926B86A00A1DFAB /* TopMoversItemView.swift in Sources */ = {isa = PBXBuildFile; fileRef = F38DD3D02926B86A00A1DFAB /* TopMoversItemView.swift */; };
/* End PBXBuildFile section */

/* Begin PBXFileReference section */
		F3449EF12928DBAB00021FA7 /* CoinModel.swift */ = {isa = PBXFileReference; lastKnownFileType = sourcecode.swift; path = CoinModel.swift; sourceTree = "<group>"; };
		F3449EF72928EDA600021FA7 /* Double.swift */ = {isa = PBXFileReference; lastKnownFileType = sourcecode.swift; path = Double.swift; sourceTree = "<group>"; };
		F38CA8F02927F750004F958F /* AllCoinsView.swift */ = {isa = PBXFileReference; lastKnownFileType = sourcecode.swift; path = AllCoinsView.swift; sourceTree = "<group>"; };
		F38CA8F22927F826004F958F /* CoinRowView.swift */ = {isa = PBXFileReference; lastKnownFileType = sourcecode.swift; path = CoinRowView.swift; sourceTree = "<group>"; };
		F38CA8F42927F8E9004F958F /* BitcoinView.swift */ = {isa = PBXFileReference; lastKnownFileType = sourcecode.swift; path = BitcoinView.swift; sourceTree = "<group>"; };
		F38CA8F7292802D6004F958F /* HomeViewModel.swift */ = {isa = PBXFileReference; lastKnownFileType = sourcecode.swift; path = HomeViewModel.swift; sourceTree = "<group>"; };
		F38DD3AF2926B68100A1DFAB /* Coiny.app */ = {isa = PBXFileReference; explicitFileType = wrapper.application; includeInIndex = 0; path = Coiny.app; sourceTree = BUILT_PRODUCTS_DIR; };
		F38DD3B22926B68100A1DFAB /* CoinyApp.swift */ = {isa = PBXFileReference; lastKnownFileType = sourcecode.swift; path = CoinyApp.swift; sourceTree = "<group>"; };
		F38DD3B42926B68100A1DFAB /* ContentView.swift */ = {isa = PBXFileReference; lastKnownFileType = sourcecode.swift; path = ContentView.swift; sourceTree = "<group>"; };
		F38DD3B62926B68200A1DFAB /* Assets.xcassets */ = {isa = PBXFileReference; lastKnownFileType = folder.assetcatalog; path = Assets.xcassets; sourceTree = "<group>"; };
		F38DD3B92926B68200A1DFAB /* Preview Assets.xcassets */ = {isa = PBXFileReference; lastKnownFileType = folder.assetcatalog; path = "Preview Assets.xcassets"; sourceTree = "<group>"; };
		F38DD3CC2926B73E00A1DFAB /* HomeView.swift */ = {isa = PBXFileReference; lastKnownFileType = sourcecode.swift; path = HomeView.swift; sourceTree = "<group>"; };
		F38DD3CE2926B86100A1DFAB /* TopMoversView.swift */ = {isa = PBXFileReference; lastKnownFileType = sourcecode.swift; path = TopMoversView.swift; sourceTree = "<group>"; };
		F38DD3D02926B86A00A1DFAB /* TopMoversItemView.swift */ = {isa = PBXFileReference; lastKnownFileType = sourcecode.swift; path = TopMoversItemView.swift; sourceTree = "<group>"; };
/* End PBXFileReference section */

/* Begin PBXFrameworksBuildPhase section */
		F38DD3AC2926B68100A1DFAB /* Frameworks */ = {
			isa = PBXFrameworksBuildPhase;
			buildActionMask = 2147483647;
			files = (
				F3449EF52928EC4F00021FA7 /* Kingfisher in Frameworks */,
			);
			runOnlyForDeploymentPostprocessing = 0;
		};
/* End PBXFrameworksBuildPhase section */

/* Begin PBXGroup section */
		F3449EF62928ED9300021FA7 /* Extensions */ = {
			isa = PBXGroup;
			children = (
				F3449EF72928EDA600021FA7 /* Double.swift */,
			);
			path = Extensions;
			sourceTree = "<group>";
		};
		F38DD3A62926B68100A1DFAB = {
			isa = PBXGroup;
			children = (
				F38DD3B12926B68100A1DFAB /* Coiny */,
				F38DD3B02926B68100A1DFAB /* Products */,
			);
			sourceTree = "<group>";
		};
		F38DD3B02926B68100A1DFAB /* Products */ = {
			isa = PBXGroup;
			children = (
				F38DD3AF2926B68100A1DFAB /* Coiny.app */,
			);
			name = Products;
			sourceTree = "<group>";
		};
		F38DD3B12926B68100A1DFAB /* Coiny */ = {
			isa = PBXGroup;
			children = (
				F38DD3B22926B68100A1DFAB /* CoinyApp.swift */,
				F3449EF62928ED9300021FA7 /* Extensions */,
				F38DD3C12926B6B700A1DFAB /* Models */,
				F38DD3C32926B6C100A1DFAB /* Core */,
				F38DD3C22926B6BD00A1DFAB /* App */,
				F38DD3C02926B6AA00A1DFAB /* Utils */,
				F38DD3B62926B68200A1DFAB /* Assets.xcassets */,
				F38DD3B82926B68200A1DFAB /* Preview Content */,
			);
			path = Coiny;
			sourceTree = "<group>";
		};
		F38DD3B82926B68200A1DFAB /* Preview Content */ = {
			isa = PBXGroup;
			children = (
				F38DD3B92926B68200A1DFAB /* Preview Assets.xcassets */,
			);
			path = "Preview Content";
			sourceTree = "<group>";
		};
		F38DD3C02926B6AA00A1DFAB /* Utils */ = {
			isa = PBXGroup;
			children = (
			);
			path = Utils;
			sourceTree = "<group>";
		};
		F38DD3C12926B6B700A1DFAB /* Models */ = {
			isa = PBXGroup;
			children = (
				F3449EF12928DBAB00021FA7 /* CoinModel.swift */,
			);
			path = Models;
			sourceTree = "<group>";
		};
		F38DD3C22926B6BD00A1DFAB /* App */ = {
			isa = PBXGroup;
			children = (
				F38DD3B42926B68100A1DFAB /* ContentView.swift */,
			);
			path = App;
			sourceTree = "<group>";
		};
		F38DD3C32926B6C100A1DFAB /* Core */ = {
			isa = PBXGroup;
			children = (
				F38DD3C52926B6CC00A1DFAB /* Home */,
			);
			path = Core;
			sourceTree = "<group>";
		};
		F38DD3C52926B6CC00A1DFAB /* Home */ = {
			isa = PBXGroup;
			children = (
				F38DD3C72926B70C00A1DFAB /* ViewModels */,
				F38DD3C62926B70800A1DFAB /* Views */,
			);
			path = Home;
			sourceTree = "<group>";
		};
		F38DD3C62926B70800A1DFAB /* Views */ = {
			isa = PBXGroup;
			children = (
				F38DD3CC2926B73E00A1DFAB /* HomeView.swift */,
				F38DD3CE2926B86100A1DFAB /* TopMoversView.swift */,
				F38DD3D02926B86A00A1DFAB /* TopMoversItemView.swift */,
				F38CA8F02927F750004F958F /* AllCoinsView.swift */,
				F38CA8F42927F8E9004F958F /* BitcoinView.swift */,
				F38CA8F22927F826004F958F /* CoinRowView.swift */,
			);
			path = Views;
			sourceTree = "<group>";
		};
		F38DD3C72926B70C00A1DFAB /* ViewModels */ = {
			isa = PBXGroup;
			children = (
				F38CA8F7292802D6004F958F /* HomeViewModel.swift */,
			);
			path = ViewModels;
			sourceTree = "<group>";
		};
/* End PBXGroup section */

/* Begin PBXNativeTarget section */
		F38DD3AE2926B68100A1DFAB /* Coiny */ = {
			isa = PBXNativeTarget;
			buildConfigurationList = F38DD3BD2926B68200A1DFAB /* Build configuration list for PBXNativeTarget "Coiny" */;
			buildPhases = (
				F38DD3AB2926B68100A1DFAB /* Sources */,
				F38DD3AC2926B68100A1DFAB /* Frameworks */,
				F38DD3AD2926B68100A1DFAB /* Resources */,
			);
			buildRules = (
			);
			dependencies = (
			);
			name = Coiny;
			packageProductDependencies = (
				F3449EF42928EC4F00021FA7 /* Kingfisher */,
			);
			productName = Coiny;
			productReference = F38DD3AF2926B68100A1DFAB /* Coiny.app */;
			productType = "com.apple.product-type.application";
		};
/* End PBXNativeTarget section */

/* Begin PBXProject section */
		F38DD3A72926B68100A1DFAB /* Project object */ = {
			isa = PBXProject;
			attributes = {
				BuildIndependentTargetsInParallel = 1;
				LastSwiftUpdateCheck = 1410;
				LastUpgradeCheck = 1410;
				TargetAttributes = {
					F38DD3AE2926B68100A1DFAB = {
						CreatedOnToolsVersion = 14.1;
					};
				};
			};
			buildConfigurationList = F38DD3AA2926B68100A1DFAB /* Build configuration list for PBXProject "Coiny" */;
			compatibilityVersion = "Xcode 14.0";
			developmentRegion = en;
			hasScannedForEncodings = 0;
			knownRegions = (
				en,
				Base,
			);
			mainGroup = F38DD3A62926B68100A1DFAB;
			packageReferences = (
				F3449EF32928EC4F00021FA7 /* XCRemoteSwiftPackageReference "Kingfisher" */,
			);
			productRefGroup = F38DD3B02926B68100A1DFAB /* Products */;
			projectDirPath = "";
			projectRoot = "";
			targets = (
				F38DD3AE2926B68100A1DFAB /* Coiny */,
			);
		};
/* End PBXProject section */

/* Begin PBXResourcesBuildPhase section */
		F38DD3AD2926B68100A1DFAB /* Resources */ = {
			isa = PBXResourcesBuildPhase;
			buildActionMask = 2147483647;
			files = (
				F38DD3BA2926B68200A1DFAB /* Preview Assets.xcassets in Resources */,
				F38DD3B72926B68200A1DFAB /* Assets.xcassets in Resources */,
			);
			runOnlyForDeploymentPostprocessing = 0;
		};
/* End PBXResourcesBuildPhase section */

/* Begin PBXSourcesBuildPhase section */
		F38DD3AB2926B68100A1DFAB /* Sources */ = {
			isa = PBXSourcesBuildPhase;
			buildActionMask = 2147483647;
			files = (
				F38DD3CF2926B86100A1DFAB /* TopMoversView.swift in Sources */,
				F38CA8F8292802D6004F958F /* HomeViewModel.swift in Sources */,
				F38CA8F12927F750004F958F /* AllCoinsView.swift in Sources */,
				F38DD3CD2926B73E00A1DFAB /* HomeView.swift in Sources */,
				F38DD3B52926B68100A1DFAB /* ContentView.swift in Sources */,
				F3449EF22928DBAB00021FA7 /* CoinModel.swift in Sources */,
				F38DD3B32926B68100A1DFAB /* CoinyApp.swift in Sources */,
				F38CA8F32927F826004F958F /* CoinRowView.swift in Sources */,
				F38DD3D12926B86A00A1DFAB /* TopMoversItemView.swift in Sources */,
				F3449EF82928EDA600021FA7 /* Double.swift in Sources */,
				F38CA8F52927F8E9004F958F /* BitcoinView.swift in Sources */,
			);
			runOnlyForDeploymentPostprocessing = 0;
		};
/* End PBXSourcesBuildPhase section */

/* Begin XCBuildConfiguration section */
		F38DD3BB2926B68200A1DFAB /* Debug */ = {
			isa = XCBuildConfiguration;
			buildSettings = {
				ALWAYS_SEARCH_USER_PATHS = NO;
				CLANG_ANALYZER_NONNULL = YES;
				CLANG_ANALYZER_NUMBER_OBJECT_CONVERSION = YES_AGGRESSIVE;
				CLANG_CXX_LANGUAGE_STANDARD = "gnu++20";
				CLANG_ENABLE_MODULES = YES;
				CLANG_ENABLE_OBJC_ARC = YES;
				CLANG_ENABLE_OBJC_WEAK = YES;
				CLANG_WARN_BLOCK_CAPTURE_AUTORELEASING = YES;
				CLANG_WARN_BOOL_CONVERSION = YES;
				CLANG_WARN_COMMA = YES;
				CLANG_WARN_CONSTANT_CONVERSION = YES;
				CLANG_WARN_DEPRECATED_OBJC_IMPLEMENTATIONS = YES;
				CLANG_WARN_DIRECT_OBJC_ISA_USAGE = YES_ERROR;
				CLANG_WARN_DOCUMENTATION_COMMENTS = YES;
				CLANG_WARN_EMPTY_BODY = YES;
				CLANG_WARN_ENUM_CONVERSION = YES;
				CLANG_WARN_INFINITE_RECURSION = YES;
				CLANG_WARN_INT_CONVERSION = YES;
				CLANG_WARN_NON_LITERAL_NULL_CONVERSION = YES;
				CLANG_WARN_OBJC_IMPLICIT_RETAIN_SELF = YES;
				CLANG_WARN_OBJC_LITERAL_CONVERSION = YES;
				CLANG_WARN_OBJC_ROOT_CLASS = YES_ERROR;
				CLANG_WARN_QUOTED_INCLUDE_IN_FRAMEWORK_HEADER = YES;
				CLANG_WARN_RANGE_LOOP_ANALYSIS = YES;
				CLANG_WARN_STRICT_PROTOTYPES = YES;
				CLANG_WARN_SUSPICIOUS_MOVE = YES;
				CLANG_WARN_UNGUARDED_AVAILABILITY = YES_AGGRESSIVE;
				CLANG_WARN_UNREACHABLE_CODE = YES;
				CLANG_WARN__DUPLICATE_METHOD_MATCH = YES;
				COPY_PHASE_STRIP = NO;
				DEBUG_INFORMATION_FORMAT = dwarf;
				ENABLE_STRICT_OBJC_MSGSEND = YES;
				ENABLE_TESTABILITY = YES;
				GCC_C_LANGUAGE_STANDARD = gnu11;
				GCC_DYNAMIC_NO_PIC = NO;
				GCC_NO_COMMON_BLOCKS = YES;
				GCC_OPTIMIZATION_LEVEL = 0;
				GCC_PREPROCESSOR_DEFINITIONS = (
					"DEBUG=1",
					"$(inherited)",
				);
				GCC_WARN_64_TO_32_BIT_CONVERSION = YES;
				GCC_WARN_ABOUT_RETURN_TYPE = YES_ERROR;
				GCC_WARN_UNDECLARED_SELECTOR = YES;
				GCC_WARN_UNINITIALIZED_AUTOS = YES_AGGRESSIVE;
				GCC_WARN_UNUSED_FUNCTION = YES;
				GCC_WARN_UNUSED_VARIABLE = YES;
				IPHONEOS_DEPLOYMENT_TARGET = 16.1;
				MTL_ENABLE_DEBUG_INFO = INCLUDE_SOURCE;
				MTL_FAST_MATH = YES;
				ONLY_ACTIVE_ARCH = YES;
				SDKROOT = iphoneos;
				SWIFT_ACTIVE_COMPILATION_CONDITIONS = DEBUG;
				SWIFT_OPTIMIZATION_LEVEL = "-Onone";
			};
			name = Debug;
		};
		F38DD3BC2926B68200A1DFAB /* Release */ = {
			isa = XCBuildConfiguration;
			buildSettings = {
				ALWAYS_SEARCH_USER_PATHS = NO;
				CLANG_ANALYZER_NONNULL = YES;
				CLANG_ANALYZER_NUMBER_OBJECT_CONVERSION = YES_AGGRESSIVE;
				CLANG_CXX_LANGUAGE_STANDARD = "gnu++20";
				CLANG_ENABLE_MODULES = YES;
				CLANG_ENABLE_OBJC_ARC = YES;
				CLANG_ENABLE_OBJC_WEAK = YES;
				CLANG_WARN_BLOCK_CAPTURE_AUTORELEASING = YES;
				CLANG_WARN_BOOL_CONVERSION = YES;
				CLANG_WARN_COMMA = YES;
				CLANG_WARN_CONSTANT_CONVERSION = YES;
				CLANG_WARN_DEPRECATED_OBJC_IMPLEMENTATIONS = YES;
				CLANG_WARN_DIRECT_OBJC_ISA_USAGE = YES_ERROR;
				CLANG_WARN_DOCUMENTATION_COMMENTS = YES;
				CLANG_WARN_EMPTY_BODY = YES;
				CLANG_WARN_ENUM_CONVERSION = YES;
				CLANG_WARN_INFINITE_RECURSION = YES;
				CLANG_WARN_INT_CONVERSION = YES;
				CLANG_WARN_NON_LITERAL_NULL_CONVERSION = YES;
				CLANG_WARN_OBJC_IMPLICIT_RETAIN_SELF = YES;
				CLANG_WARN_OBJC_LITERAL_CONVERSION = YES;
				CLANG_WARN_OBJC_ROOT_CLASS = YES_ERROR;
				CLANG_WARN_QUOTED_INCLUDE_IN_FRAMEWORK_HEADER = YES;
				CLANG_WARN_RANGE_LOOP_ANALYSIS = YES;
				CLANG_WARN_STRICT_PROTOTYPES = YES;
				CLANG_WARN_SUSPICIOUS_MOVE = YES;
				CLANG_WARN_UNGUARDED_AVAILABILITY = YES_AGGRESSIVE;
				CLANG_WARN_UNREACHABLE_CODE = YES;
				CLANG_WARN__DUPLICATE_METHOD_MATCH = YES;
				COPY_PHASE_STRIP = NO;
				DEBUG_INFORMATION_FORMAT = "dwarf-with-dsym";
				ENABLE_NS_ASSERTIONS = NO;
				ENABLE_STRICT_OBJC_MSGSEND = YES;
				GCC_C_LANGUAGE_STANDARD = gnu11;
				GCC_NO_COMMON_BLOCKS = YES;
				GCC_WARN_64_TO_32_BIT_CONVERSION = YES;
				GCC_WARN_ABOUT_RETURN_TYPE = YES_ERROR;
				GCC_WARN_UNDECLARED_SELECTOR = YES;
				GCC_WARN_UNINITIALIZED_AUTOS = YES_AGGRESSIVE;
				GCC_WARN_UNUSED_FUNCTION = YES;
				GCC_WARN_UNUSED_VARIABLE = YES;
				IPHONEOS_DEPLOYMENT_TARGET = 16.1;
				MTL_ENABLE_DEBUG_INFO = NO;
				MTL_FAST_MATH = YES;
				SDKROOT = iphoneos;
				SWIFT_COMPILATION_MODE = wholemodule;
				SWIFT_OPTIMIZATION_LEVEL = "-O";
				VALIDATE_PRODUCT = YES;
			};
			name = Release;
		};
		F38DD3BE2926B68200A1DFAB /* Debug */ = {
			isa = XCBuildConfiguration;
			buildSettings = {
				ASSETCATALOG_COMPILER_APPICON_NAME = AppIcon;
				ASSETCATALOG_COMPILER_GLOBAL_ACCENT_COLOR_NAME = AccentColor;
				CODE_SIGN_STYLE = Automatic;
				CURRENT_PROJECT_VERSION = 1;
				DEVELOPMENT_ASSET_PATHS = "\"Coiny/Preview Content\"";
				DEVELOPMENT_TEAM = A7KBJHUK4F;
				ENABLE_PREVIEWS = YES;
				GENERATE_INFOPLIST_FILE = YES;
				INFOPLIST_KEY_UIApplicationSceneManifest_Generation = YES;
				INFOPLIST_KEY_UIApplicationSupportsIndirectInputEvents = YES;
				INFOPLIST_KEY_UILaunchScreen_Generation = YES;
				INFOPLIST_KEY_UISupportedInterfaceOrientations_iPad = "UIInterfaceOrientationPortrait UIInterfaceOrientationPortraitUpsideDown UIInterfaceOrientationLandscapeLeft UIInterfaceOrientationLandscapeRight";
				INFOPLIST_KEY_UISupportedInterfaceOrientations_iPhone = "UIInterfaceOrientationPortrait UIInterfaceOrientationLandscapeLeft UIInterfaceOrientationLandscapeRight";
				LD_RUNPATH_SEARCH_PATHS = (
					"$(inherited)",
					"@executable_path/Frameworks",
				);
				MARKETING_VERSION = 1.0;
				PRODUCT_BUNDLE_IDENTIFIER = io.seniortips.Coiny;
				PRODUCT_NAME = "$(TARGET_NAME)";
				SWIFT_EMIT_LOC_STRINGS = YES;
				SWIFT_VERSION = 5.0;
				TARGETED_DEVICE_FAMILY = "1,2";
			};
			name = Debug;
		};
		F38DD3BF2926B68200A1DFAB /* Release */ = {
			isa = XCBuildConfiguration;
			buildSettings = {
				ASSETCATALOG_COMPILER_APPICON_NAME = AppIcon;
				ASSETCATALOG_COMPILER_GLOBAL_ACCENT_COLOR_NAME = AccentColor;
				CODE_SIGN_STYLE = Automatic;
				CURRENT_PROJECT_VERSION = 1;
				DEVELOPMENT_ASSET_PATHS = "\"Coiny/Preview Content\"";
				DEVELOPMENT_TEAM = A7KBJHUK4F;
				ENABLE_PREVIEWS = YES;
				GENERATE_INFOPLIST_FILE = YES;
				INFOPLIST_KEY_UIApplicationSceneManifest_Generation = YES;
				INFOPLIST_KEY_UIApplicationSupportsIndirectInputEvents = YES;
				INFOPLIST_KEY_UILaunchScreen_Generation = YES;
				INFOPLIST_KEY_UISupportedInterfaceOrientations_iPad = "UIInterfaceOrientationPortrait UIInterfaceOrientationPortraitUpsideDown UIInterfaceOrientationLandscapeLeft UIInterfaceOrientationLandscapeRight";
				INFOPLIST_KEY_UISupportedInterfaceOrientations_iPhone = "UIInterfaceOrientationPortrait UIInterfaceOrientationLandscapeLeft UIInterfaceOrientationLandscapeRight";
				LD_RUNPATH_SEARCH_PATHS = (
					"$(inherited)",
					"@executable_path/Frameworks",
				);
				MARKETING_VERSION = 1.0;
				PRODUCT_BUNDLE_IDENTIFIER = io.seniortips.Coiny;
				PRODUCT_NAME = "$(TARGET_NAME)";
				SWIFT_EMIT_LOC_STRINGS = YES;
				SWIFT_VERSION = 5.0;
				TARGETED_DEVICE_FAMILY = "1,2";
			};
			name = Release;
		};
/* End XCBuildConfiguration section */

/* Begin XCConfigurationList section */
		F38DD3AA2926B68100A1DFAB /* Build configuration list for PBXProject "Coiny" */ = {
			isa = XCConfigurationList;
			buildConfigurations = (
				F38DD3BB2926B68200A1DFAB /* Debug */,
				F38DD3BC2926B68200A1DFAB /* Release */,
			);
			defaultConfigurationIsVisible = 0;
			defaultConfigurationName = Release;
		};
		F38DD3BD2926B68200A1DFAB /* Build configuration list for PBXNativeTarget "Coiny" */ = {
			isa = XCConfigurationList;
			buildConfigurations = (
				F38DD3BE2926B68200A1DFAB /* Debug */,
				F38DD3BF2926B68200A1DFAB /* Release */,
			);
			defaultConfigurationIsVisible = 0;
			defaultConfigurationName = Release;
		};
/* End XCConfigurationList section */

/* Begin XCRemoteSwiftPackageReference section */
		F3449EF32928EC4F00021FA7 /* XCRemoteSwiftPackageReference "Kingfisher" */ = {
			isa = XCRemoteSwiftPackageReference;
			repositoryURL = "https://github.com/onevcat/Kingfisher";
			requirement = {
				kind = upToNextMajorVersion;
				minimumVersion = 7.0.0;
			};
		};
/* End XCRemoteSwiftPackageReference section */

/* Begin XCSwiftPackageProductDependency section */
		F3449EF42928EC4F00021FA7 /* Kingfisher */ = {
			isa = XCSwiftPackageProductDependency;
			package = F3449EF32928EC4F00021FA7 /* XCRemoteSwiftPackageReference "Kingfisher" */;
			productName = Kingfisher;
		};
/* End XCSwiftPackageProductDependency section */
	};
	rootObject = F38DD3A72926B68100A1DFAB /* Project object */;
}
